
Microsoft Visual Studio Solution File, Format Version 12.00
# Visual Studio Version 17
VisualStudioVersion = 17.10.35013.160
MinimumVisualStudioVersion = 10.0.40219.1
Project("{FAE04EC0-301F-11D3-BF4B-00C04F79EFBC}") = "SLoggerDemo", "SLoggerDemo\SLoggerDemo.csproj", "{9C99DCCA-F225-4FFD-B881-78B4F586CA43}"
EndProject
Global
	GlobalSection(SolutionConfigurationPlatforms) = preSolution
		Debug|Any CPU = Debug|Any CPU
		Release|Any CPU = Release|Any CPU
	EndGlobalSection
	GlobalSection(ProjectConfigurationPlatforms) = postSolution
		{9C99DCCA-F225-4FFD-B881-78B4F586CA43}.Debug|Any CPU.ActiveCfg = Debug|Any CPU
		{9C99DCCA-F225-4FFD-B881-78B4F586CA43}.Debug|Any CPU.Build.0 = Debug|Any CPU
		{9C99DCCA-F225-4FFD-B881-78B4F586CA43}.Release|Any CPU.ActiveCfg = Release|Any CPU
		{9C99DCCA-F225-4FFD-B881-78B4F586CA43}.Release|Any CPU.Build.0 = Release|Any CPU
	EndGlobalSection
	GlobalSection(SolutionProperties) = preSolution
		HideSolutionNode = FALSE
	EndGlobalSection
	GlobalSection(ExtensibilityGlobals) = postSolution
		SolutionGuid = {B39892A1-683B-458E-8E87-2785D7E1AC58}
	EndGlobalSection
EndGlobal
